
Microsoft Visual Studio Solution File, Format Version 11.00
# Visual Studio 2010
# SharpDevelop 4.4
Project("{FD48973F-F585-4F70-812B-4D0503B36CE9}") = "prog54a", "prog54a\prog54a.pyproj", "{89B03338-FFE6-4632-9EC9-97B95DC6175A}"
EndProject
Global
	GlobalSection(SolutionConfigurationPlatforms) = preSolution
		Debug|Any CPU = Debug|Any CPU
		Release|Any CPU = Release|Any CPU
	EndGlobalSection
	GlobalSection(ProjectConfigurationPlatforms) = postSolution
		{89B03338-FFE6-4632-9EC9-97B95DC6175A}.Debug|Any CPU.Build.0 = Debug|Any CPU
		{89B03338-FFE6-4632-9EC9-97B95DC6175A}.Debug|Any CPU.ActiveCfg = Debug|Any CPU
		{89B03338-FFE6-4632-9EC9-97B95DC6175A}.Release|Any CPU.Build.0 = Release|Any CPU
		{89B03338-FFE6-4632-9EC9-97B95DC6175A}.Release|Any CPU.ActiveCfg = Release|Any CPU
	EndGlobalSection
EndGlobal
