
Microsoft Visual Studio Solution File, Format Version 11.00
# Visual Studio 2010
# SharpDevelop 4.4
Project("{FD48973F-F585-4F70-812B-4D0503B36CE9}") = "about me", "about me\about me.pyproj", "{6E6DF0D5-5173-42E1-A69B-65868118D9C0}"
EndProject
Global
	GlobalSection(SolutionConfigurationPlatforms) = preSolution
		Debug|Any CPU = Debug|Any CPU
		Release|Any CPU = Release|Any CPU
	EndGlobalSection
	GlobalSection(ProjectConfigurationPlatforms) = postSolution
		{6E6DF0D5-5173-42E1-A69B-65868118D9C0}.Debug|Any CPU.Build.0 = Debug|Any CPU
		{6E6DF0D5-5173-42E1-A69B-65868118D9C0}.Debug|Any CPU.ActiveCfg = Debug|Any CPU
		{6E6DF0D5-5173-42E1-A69B-65868118D9C0}.Release|Any CPU.Build.0 = Release|Any CPU
		{6E6DF0D5-5173-42E1-A69B-65868118D9C0}.Release|Any CPU.ActiveCfg = Release|Any CPU
	EndGlobalSection
EndGlobal
