
Microsoft Visual Studio Solution File, Format Version 11.00
# Visual Studio 2010
# SharpDevelop 4.4
Project("{FD48973F-F585-4F70-812B-4D0503B36CE9}") = "lang54b", "lang54b\lang54b.pyproj", "{D56C6D20-06CD-45A5-B88B-D9178D24F08A}"
EndProject
Global
	GlobalSection(SolutionConfigurationPlatforms) = preSolution
		Debug|Any CPU = Debug|Any CPU
		Release|Any CPU = Release|Any CPU
	EndGlobalSection
	GlobalSection(ProjectConfigurationPlatforms) = postSolution
		{D56C6D20-06CD-45A5-B88B-D9178D24F08A}.Debug|Any CPU.Build.0 = Debug|Any CPU
		{D56C6D20-06CD-45A5-B88B-D9178D24F08A}.Debug|Any CPU.ActiveCfg = Debug|Any CPU
		{D56C6D20-06CD-45A5-B88B-D9178D24F08A}.Release|Any CPU.Build.0 = Release|Any CPU
		{D56C6D20-06CD-45A5-B88B-D9178D24F08A}.Release|Any CPU.ActiveCfg = Release|Any CPU
	EndGlobalSection
EndGlobal
