
Microsoft Visual Studio Solution File, Format Version 11.00
# Visual Studio 2010
# SharpDevelop 4.4
Project("{FD48973F-F585-4F70-812B-4D0503B36CE9}") = "name", "name\name.pyproj", "{7001CAA1-F741-4BD9-A1F5-732D36FCB663}"
EndProject
Global
	GlobalSection(SolutionConfigurationPlatforms) = preSolution
		Debug|Any CPU = Debug|Any CPU
		Release|Any CPU = Release|Any CPU
	EndGlobalSection
	GlobalSection(ProjectConfigurationPlatforms) = postSolution
		{7001CAA1-F741-4BD9-A1F5-732D36FCB663}.Debug|Any CPU.Build.0 = Debug|Any CPU
		{7001CAA1-F741-4BD9-A1F5-732D36FCB663}.Debug|Any CPU.ActiveCfg = Debug|Any CPU
		{7001CAA1-F741-4BD9-A1F5-732D36FCB663}.Release|Any CPU.Build.0 = Release|Any CPU
		{7001CAA1-F741-4BD9-A1F5-732D36FCB663}.Release|Any CPU.ActiveCfg = Release|Any CPU
	EndGlobalSection
EndGlobal
