
Microsoft Visual Studio Solution File, Format Version 11.00
# Visual Studio 2010
# SharpDevelop 4.4
Project("{FD48973F-F585-4F70-812B-4D0503B36CE9}") = "phone numbers", "phone numbers\phone numbers.pyproj", "{0D46D657-15A1-4ACA-B556-F0211C090F94}"
EndProject
Global
	GlobalSection(SolutionConfigurationPlatforms) = preSolution
		Debug|Any CPU = Debug|Any CPU
		Release|Any CPU = Release|Any CPU
	EndGlobalSection
	GlobalSection(ProjectConfigurationPlatforms) = postSolution
		{0D46D657-15A1-4ACA-B556-F0211C090F94}.Debug|Any CPU.Build.0 = Debug|Any CPU
		{0D46D657-15A1-4ACA-B556-F0211C090F94}.Debug|Any CPU.ActiveCfg = Debug|Any CPU
		{0D46D657-15A1-4ACA-B556-F0211C090F94}.Release|Any CPU.Build.0 = Release|Any CPU
		{0D46D657-15A1-4ACA-B556-F0211C090F94}.Release|Any CPU.ActiveCfg = Release|Any CPU
	EndGlobalSection
EndGlobal
